
Microsoft Visual Studio Solution File, Format Version 12.00
# Visual Studio Version 17
VisualStudioVersion = 17.14.36429.23 d17.14
MinimumVisualStudioVersion = 10.0.40219.1
Project("{FAE04EC0-301F-11D3-BF4B-00C04F79EFBC}") = "ConsoleApp1", "ConsoleApp1\ConsoleApp1.csproj", "{5F8587BE-B0ED-4E19-B5C8-FC29C0E5A2E0}"
EndProject
Global
	GlobalSection(SolutionConfigurationPlatforms) = preSolution
		Debug|Any CPU = Debug|Any CPU
		Release|Any CPU = Release|Any CPU
	EndGlobalSection
	GlobalSection(ProjectConfigurationPlatforms) = postSolution
		{5F8587BE-B0ED-4E19-B5C8-FC29C0E5A2E0}.Debug|Any CPU.ActiveCfg = Debug|Any CPU
		{5F8587BE-B0ED-4E19-B5C8-FC29C0E5A2E0}.Debug|Any CPU.Build.0 = Debug|Any CPU
		{5F8587BE-B0ED-4E19-B5C8-FC29C0E5A2E0}.Release|Any CPU.ActiveCfg = Release|Any CPU
		{5F8587BE-B0ED-4E19-B5C8-FC29C0E5A2E0}.Release|Any CPU.Build.0 = Release|Any CPU
	EndGlobalSection
	GlobalSection(SolutionProperties) = preSolution
		HideSolutionNode = FALSE
	EndGlobalSection
	GlobalSection(ExtensibilityGlobals) = postSolution
		SolutionGuid = {6502C599-3462-4C3C-8062-AB1D37D0F7B4}
	EndGlobalSection
EndGlobal
